
Microsoft Visual Studio Solution File, Format Version 12.00
# Visual Studio Version 16
VisualStudioVersion = 16.0.30320.27
MinimumVisualStudioVersion = 10.0.40219.1
Project("{FAE04EC0-301F-11D3-BF4B-00C04F79EFBC}") = "WebAPI", "WebAPI\WebAPI.csproj", "{61512329-3DF6-4933-B140-A7E60433B854}"
EndProject
Global
	GlobalSection(SolutionConfigurationPlatforms) = preSolution
		Debug|Any CPU = Debug|Any CPU
		Release|Any CPU = Release|Any CPU
	EndGlobalSection
	GlobalSection(ProjectConfigurationPlatforms) = postSolution
		{61512329-3DF6-4933-B140-A7E60433B854}.Debug|Any CPU.ActiveCfg = Debug|Any CPU
		{61512329-3DF6-4933-B140-A7E60433B854}.Debug|Any CPU.Build.0 = Debug|Any CPU
		{61512329-3DF6-4933-B140-A7E60433B854}.Release|Any CPU.ActiveCfg = Release|Any CPU
		{61512329-3DF6-4933-B140-A7E60433B854}.Release|Any CPU.Build.0 = Release|Any CPU
	EndGlobalSection
	GlobalSection(SolutionProperties) = preSolution
		HideSolutionNode = FALSE
	EndGlobalSection
	GlobalSection(ExtensibilityGlobals) = postSolution
		SolutionGuid = {0D47DA01-2BCD-4EAF-8D3E-39FE4CEF0AC6}
	EndGlobalSection
EndGlobal
